// !$*UTF8*$!
{
	archiveVersion = 1;
	classes = {
	};
	objectVersion = 50;
	objects = {

/* Begin PBXBuildFile section */
		D702389F20E9EE8F0063B968 /* AppDelegate.swift in Sources */ = {isa = PBXBuildFile; fileRef = D702389E20E9EE8F0063B968 /* AppDelegate.swift */; };
		D70238A120E9EE8F0063B968 /* ViewController.swift in Sources */ = {isa = PBXBuildFile; fileRef = D70238A020E9EE8F0063B968 /* ViewController.swift */; };
		D70238A420E9EE8F0063B968 /* Main.storyboard in Resources */ = {isa = PBXBuildFile; fileRef = D70238A220E9EE8F0063B968 /* Main.storyboard */; };
		D70238A620E9EEAD0063B968 /* Assets.xcassets in Resources */ = {isa = PBXBuildFile; fileRef = D70238A520E9EEAD0063B968 /* Assets.xcassets */; };
		D70238A920E9EEAD0063B968 /* LaunchScreen.storyboard in Resources */ = {isa = PBXBuildFile; fileRef = D70238A720E9EEAD0063B968 /* LaunchScreen.storyboard */; };
		D7BD024120F1C8EA00D91DD4 /* Vternalframework.framework in Frameworks */ = {isa = PBXBuildFile; fileRef = D7BD023F20F1C8CF00D91DD4 /* Vternalframework.framework */; };
		D7BD024220F1C8EA00D91DD4 /* Vternalframework.framework in Embed Frameworks */ = {isa = PBXBuildFile; fileRef = D7BD023F20F1C8CF00D91DD4 /* Vternalframework.framework */; settings = {ATTRIBUTES = (CodeSignOnCopy, RemoveHeadersOnCopy, ); }; };
/* End PBXBuildFile section */

/* Begin PBXCopyFilesBuildPhase section */
		D70238DB20EA0A140063B968 /* Embed Frameworks */ = {
			isa = PBXCopyFilesBuildPhase;
			buildActionMask = 2147483647;
			dstPath = "";
			dstSubfolderSpec = 10;
			files = (
				D7BD024220F1C8EA00D91DD4 /* Vternalframework.framework in Embed Frameworks */,
			);
			name = "Embed Frameworks";
			runOnlyForDeploymentPostprocessing = 0;
		};
/* End PBXCopyFilesBuildPhase section */

/* Begin PBXFileReference section */
		D702389B20E9EE8F0063B968 /* VFExampleSwift.app */ = {isa = PBXFileReference; explicitFileType = wrapper.application; includeInIndex = 0; path = VFExampleSwift.app; sourceTree = BUILT_PRODUCTS_DIR; };
		D702389E20E9EE8F0063B968 /* AppDelegate.swift */ = {isa = PBXFileReference; lastKnownFileType = sourcecode.swift; path = AppDelegate.swift; sourceTree = "<group>"; };
		D70238A020E9EE8F0063B968 /* ViewController.swift */ = {isa = PBXFileReference; lastKnownFileType = sourcecode.swift; path = ViewController.swift; sourceTree = "<group>"; };
		D70238A320E9EE8F0063B968 /* Base */ = {isa = PBXFileReference; lastKnownFileType = file.storyboard; name = Base; path = Base.lproj/Main.storyboard; sourceTree = "<group>"; };
		D70238A520E9EEAD0063B968 /* Assets.xcassets */ = {isa = PBXFileReference; lastKnownFileType = folder.assetcatalog; path = Assets.xcassets; sourceTree = "<group>"; };
		D70238A820E9EEAD0063B968 /* Base */ = {isa = PBXFileReference; lastKnownFileType = file.storyboard; name = Base; path = Base.lproj/LaunchScreen.storyboard; sourceTree = "<group>"; };
		D70238AA20E9EEAD0063B968 /* Info.plist */ = {isa = PBXFileReference; lastKnownFileType = text.plist.xml; path = Info.plist; sourceTree = "<group>"; };
		D7BD023F20F1C8CF00D91DD4 /* Vternalframework.framework */ = {isa = PBXFileReference; lastKnownFileType = wrapper.framework; name = Vternalframework.framework; path = ../../Downloads/Vternalframework.framework; sourceTree = "<group>"; };
/* End PBXFileReference section */

/* Begin PBXFrameworksBuildPhase section */
		D702389820E9EE8F0063B968 /* Frameworks */ = {
			isa = PBXFrameworksBuildPhase;
			buildActionMask = 2147483647;
			files = (
				D7BD024120F1C8EA00D91DD4 /* Vternalframework.framework in Frameworks */,
			);
			runOnlyForDeploymentPostprocessing = 0;
		};
/* End PBXFrameworksBuildPhase section */

/* Begin PBXGroup section */
		D702389220E9EE8F0063B968 = {
			isa = PBXGroup;
			children = (
				D7BD023F20F1C8CF00D91DD4 /* Vternalframework.framework */,
				D702389D20E9EE8F0063B968 /* VFExampleSwift */,
				D702389C20E9EE8F0063B968 /* Products */,
			);
			sourceTree = "<group>";
		};
		D702389C20E9EE8F0063B968 /* Products */ = {
			isa = PBXGroup;
			children = (
				D702389B20E9EE8F0063B968 /* VFExampleSwift.app */,
			);
			name = Products;
			sourceTree = "<group>";
		};
		D702389D20E9EE8F0063B968 /* VFExampleSwift */ = {
			isa = PBXGroup;
			children = (
				D702389E20E9EE8F0063B968 /* AppDelegate.swift */,
				D70238A020E9EE8F0063B968 /* ViewController.swift */,
				D70238A220E9EE8F0063B968 /* Main.storyboard */,
				D70238A520E9EEAD0063B968 /* Assets.xcassets */,
				D70238A720E9EEAD0063B968 /* LaunchScreen.storyboard */,
				D70238AA20E9EEAD0063B968 /* Info.plist */,
			);
			path = VFExampleSwift;
			sourceTree = "<group>";
		};
/* End PBXGroup section */

/* Begin PBXNativeTarget section */
		D702389A20E9EE8F0063B968 /* VFExampleSwift */ = {
			isa = PBXNativeTarget;
			buildConfigurationList = D70238AD20E9EEAD0063B968 /* Build configuration list for PBXNativeTarget "VFExampleSwift" */;
			buildPhases = (
				D702389720E9EE8F0063B968 /* Sources */,
				D702389820E9EE8F0063B968 /* Frameworks */,
				D702389920E9EE8F0063B968 /* Resources */,
				D70238DB20EA0A140063B968 /* Embed Frameworks */,
			);
			buildRules = (
			);
			dependencies = (
			);
			name = VFExampleSwift;
			productName = VFExampleSwift;
			productReference = D702389B20E9EE8F0063B968 /* VFExampleSwift.app */;
			productType = "com.apple.product-type.application";
		};
/* End PBXNativeTarget section */

/* Begin PBXProject section */
		D702389320E9EE8F0063B968 /* Project object */ = {
			isa = PBXProject;
			attributes = {
				LastSwiftUpdateCheck = 0940;
				LastUpgradeCheck = 0940;
				ORGANIZATIONNAME = "Martin Dunsmuir";
				TargetAttributes = {
					D702389A20E9EE8F0063B968 = {
						CreatedOnToolsVersion = 9.4.1;
						SystemCapabilities = {
							com.apple.BackgroundModes = {
								enabled = 1;
							};
						};
					};
				};
			};
			buildConfigurationList = D702389620E9EE8F0063B968 /* Build configuration list for PBXProject "VFExampleSwift" */;
			compatibilityVersion = "Xcode 9.3";
			developmentRegion = en;
			hasScannedForEncodings = 0;
			knownRegions = (
				en,
				Base,
			);
			mainGroup = D702389220E9EE8F0063B968;
			productRefGroup = D702389C20E9EE8F0063B968 /* Products */;
			projectDirPath = "";
			projectRoot = "";
			targets = (
				D702389A20E9EE8F0063B968 /* VFExampleSwift */,
			);
		};
/* End PBXProject section */

/* Begin PBXResourcesBuildPhase section */
		D702389920E9EE8F0063B968 /* Resources */ = {
			isa = PBXResourcesBuildPhase;
			buildActionMask = 2147483647;
			files = (
				D70238A920E9EEAD0063B968 /* LaunchScreen.storyboard in Resources */,
				D70238A620E9EEAD0063B968 /* Assets.xcassets in Resources */,
				D70238A420E9EE8F0063B968 /* Main.storyboard in Resources */,
			);
			runOnlyForDeploymentPostprocessing = 0;
		};
/* End PBXResourcesBuildPhase section */

/* Begin PBXSourcesBuildPhase section */
		D702389720E9EE8F0063B968 /* Sources */ = {
			isa = PBXSourcesBuildPhase;
			buildActionMask = 2147483647;
			files = (
				D70238A120E9EE8F0063B968 /* ViewController.swift in Sources */,
				D702389F20E9EE8F0063B968 /* AppDelegate.swift in Sources */,
			);
			runOnlyForDeploymentPostprocessing = 0;
		};
/* End PBXSourcesBuildPhase section */

/* Begin PBXVariantGroup section */
		D70238A220E9EE8F0063B968 /* Main.storyboard */ = {
			isa = PBXVariantGroup;
			children = (
				D70238A320E9EE8F0063B968 /* Base */,
			);
			name = Main.storyboard;
			sourceTree = "<group>";
		};
		D70238A720E9EEAD0063B968 /* LaunchScreen.storyboard */ = {
			isa = PBXVariantGroup;
			children = (
				D70238A820E9EEAD0063B968 /* Base */,
			);
			name = LaunchScreen.storyboard;
			sourceTree = "<group>";
		};
/* End PBXVariantGroup section */

/* Begin XCBuildConfiguration section */
		D70238AB20E9EEAD0063B968 /* Debug */ = {
			isa = XCBuildConfiguration;
			buildSettings = {
				ALWAYS_SEARCH_USER_PATHS = NO;
				CLANG_ANALYZER_NONNULL = YES;
				CLANG_ANALYZER_NUMBER_OBJECT_CONVERSION = YES_AGGRESSIVE;
				CLANG_CXX_LANGUAGE_STANDARD = "gnu++14";
				CLANG_CXX_LIBRARY = "libc++";
				CLANG_ENABLE_MODULES = YES;
				CLANG_ENABLE_OBJC_ARC = YES;
				CLANG_ENABLE_OBJC_WEAK = YES;
				CLANG_WARN_BLOCK_CAPTURE_AUTORELEASING = YES;
				CLANG_WARN_BOOL_CONVERSION = YES;
				CLANG_WARN_COMMA = YES;
				CLANG_WARN_CONSTANT_CONVERSION = YES;
				CLANG_WARN_DEPRECATED_OBJC_IMPLEMENTATIONS = YES;
				CLANG_WARN_DIRECT_OBJC_ISA_USAGE = YES_ERROR;
				CLANG_WARN_DOCUMENTATION_COMMENTS = YES;
				CLANG_WARN_EMPTY_BODY = YES;
				CLANG_WARN_ENUM_CONVERSION = YES;
				CLANG_WARN_INFINITE_RECURSION = YES;
				CLANG_WARN_INT_CONVERSION = YES;
				CLANG_WARN_NON_LITERAL_NULL_CONVERSION = YES;
				CLANG_WARN_OBJC_IMPLICIT_RETAIN_SELF = YES;
				CLANG_WARN_OBJC_LITERAL_CONVERSION = YES;
				CLANG_WARN_OBJC_ROOT_CLASS = YES_ERROR;
				CLANG_WARN_RANGE_LOOP_ANALYSIS = YES;
				CLANG_WARN_STRICT_PROTOTYPES = YES;
				CLANG_WARN_SUSPICIOUS_MOVE = YES;
				CLANG_WARN_UNGUARDED_AVAILABILITY = YES_AGGRESSIVE;
				CLANG_WARN_UNREACHABLE_CODE = YES;
				CLANG_WARN__DUPLICATE_METHOD_MATCH = YES;
				CODE_SIGN_IDENTITY = "iPhone Developer";
				COPY_PHASE_STRIP = NO;
				DEBUG_INFORMATION_FORMAT = dwarf;
				ENABLE_STRICT_OBJC_MSGSEND = YES;
				ENABLE_TESTABILITY = YES;
				GCC_C_LANGUAGE_STANDARD = gnu11;
				GCC_DYNAMIC_NO_PIC = NO;
				GCC_NO_COMMON_BLOCKS = YES;
				GCC_OPTIMIZATION_LEVEL = 0;
				GCC_PREPROCESSOR_DEFINITIONS = (
					"DEBUG=1",
					"$(inherited)",
				);
				GCC_WARN_64_TO_32_BIT_CONVERSION = YES;
				GCC_WARN_ABOUT_RETURN_TYPE = YES_ERROR;
				GCC_WARN_UNDECLARED_SELECTOR = YES;
				GCC_WARN_UNINITIALIZED_AUTOS = YES_AGGRESSIVE;
				GCC_WARN_UNUSED_FUNCTION = YES;
				GCC_WARN_UNUSED_VARIABLE = YES;
				IPHONEOS_DEPLOYMENT_TARGET = 11.4;
				MTL_ENABLE_DEBUG_INFO = YES;
				ONLY_ACTIVE_ARCH = YES;
				SDKROOT = iphoneos;
				SWIFT_ACTIVE_COMPILATION_CONDITIONS = DEBUG;
				SWIFT_OPTIMIZATION_LEVEL = "-Onone";
			};
			name = Debug;
		};
		D70238AC20E9EEAD0063B968 /* Release */ = {
			isa = XCBuildConfiguration;
			buildSettings = {
				ALWAYS_SEARCH_USER_PATHS = NO;
				CLANG_ANALYZER_NONNULL = YES;
				CLANG_ANALYZER_NUMBER_OBJECT_CONVERSION = YES_AGGRESSIVE;
				CLANG_CXX_LANGUAGE_STANDARD = "gnu++14";
				CLANG_CXX_LIBRARY = "libc++";
				CLANG_ENABLE_MODULES = YES;
				CLANG_ENABLE_OBJC_ARC = YES;
				CLANG_ENABLE_OBJC_WEAK = YES;
				CLANG_WARN_BLOCK_CAPTURE_AUTORELEASING = YES;
				CLANG_WARN_BOOL_CONVERSION = YES;
				CLANG_WARN_COMMA = YES;
				CLANG_WARN_CONSTANT_CONVERSION = YES;
				CLANG_WARN_DEPRECATED_OBJC_IMPLEMENTATIONS = YES;
				CLANG_WARN_DIRECT_OBJC_ISA_USAGE = YES_ERROR;
				CLANG_WARN_DOCUMENTATION_COMMENTS = YES;
				CLANG_WARN_EMPTY_BODY = YES;
				CLANG_WARN_ENUM_CONVERSION = YES;
				CLANG_WARN_INFINITE_RECURSION = YES;
				CLANG_WARN_INT_CONVERSION = YES;
				CLANG_WARN_NON_LITERAL_NULL_CONVERSION = YES;
				CLANG_WARN_OBJC_IMPLICIT_RETAIN_SELF = YES;
				CLANG_WARN_OBJC_LITERAL_CONVERSION = YES;
				CLANG_WARN_OBJC_ROOT_CLASS = YES_ERROR;
				CLANG_WARN_RANGE_LOOP_ANALYSIS = YES;
				CLANG_WARN_STRICT_PROTOTYPES = YES;
				CLANG_WARN_SUSPICIOUS_MOVE = YES;
				CLANG_WARN_UNGUARDED_AVAILABILITY = YES_AGGRESSIVE;
				CLANG_WARN_UNREACHABLE_CODE = YES;
				CLANG_WARN__DUPLICATE_METHOD_MATCH = YES;
				CODE_SIGN_IDENTITY = "iPhone Developer";
				COPY_PHASE_STRIP = NO;
				DEBUG_INFORMATION_FORMAT = "dwarf-with-dsym";
				ENABLE_NS_ASSERTIONS = NO;
				ENABLE_STRICT_OBJC_MSGSEND = YES;
				GCC_C_LANGUAGE_STANDARD = gnu11;
				GCC_NO_COMMON_BLOCKS = YES;
				GCC_WARN_64_TO_32_BIT_CONVERSION = YES;
				GCC_WARN_ABOUT_RETURN_TYPE = YES_ERROR;
				GCC_WARN_UNDECLARED_SELECTOR = YES;
				GCC_WARN_UNINITIALIZED_AUTOS = YES_AGGRESSIVE;
				GCC_WARN_UNUSED_FUNCTION = YES;
				GCC_WARN_UNUSED_VARIABLE = YES;
				IPHONEOS_DEPLOYMENT_TARGET = 11.4;
				MTL_ENABLE_DEBUG_INFO = NO;
				SDKROOT = iphoneos;
				SWIFT_COMPILATION_MODE = wholemodule;
				SWIFT_OPTIMIZATION_LEVEL = "-O";
				VALIDATE_PRODUCT = YES;
			};
			name = Release;
		};
		D70238AE20E9EEAD0063B968 /* Debug */ = {
			isa = XCBuildConfiguration;
			buildSettings = {
				ASSETCATALOG_COMPILER_APPICON_NAME = AppIcon;
				CODE_SIGN_STYLE = Automatic;
				DEVELOPMENT_TEAM = 5C7V53CA2U;
				FRAMEWORK_SEARCH_PATHS = (
					"$(inherited)",
					"$(PROJECT_DIR)",
				);
				INFOPLIST_FILE = VFExampleSwift/Info.plist;
				LD_RUNPATH_SEARCH_PATHS = (
					"$(inherited)",
					"@executable_path/Frameworks",
				);
				PRODUCT_BUNDLE_IDENTIFIER = com.vternal.VFExampleSwift;
				PRODUCT_NAME = "$(TARGET_NAME)";
				SWIFT_VERSION = 4.0;
				TARGETED_DEVICE_FAMILY = "1,2";
			};
			name = Debug;
		};
		D70238AF20E9EEAD0063B968 /* Release */ = {
			isa = XCBuildConfiguration;
			buildSettings = {
				ASSETCATALOG_COMPILER_APPICON_NAME = AppIcon;
				CODE_SIGN_STYLE = Automatic;
				DEVELOPMENT_TEAM = 5C7V53CA2U;
				FRAMEWORK_SEARCH_PATHS = (
					"$(inherited)",
					"$(PROJECT_DIR)",
				);
				INFOPLIST_FILE = VFExampleSwift/Info.plist;
				LD_RUNPATH_SEARCH_PATHS = (
					"$(inherited)",
					"@executable_path/Frameworks",
				);
				PRODUCT_BUNDLE_IDENTIFIER = com.vternal.VFExampleSwift;
				PRODUCT_NAME = "$(TARGET_NAME)";
				SWIFT_VERSION = 4.0;
				TARGETED_DEVICE_FAMILY = "1,2";
			};
			name = Release;
		};
/* End XCBuildConfiguration section */

/* Begin XCConfigurationList section */
		D702389620E9EE8F0063B968 /* Build configuration list for PBXProject "VFExampleSwift" */ = {
			isa = XCConfigurationList;
			buildConfigurations = (
				D70238AB20E9EEAD0063B968 /* Debug */,
				D70238AC20E9EEAD0063B968 /* Release */,
			);
			defaultConfigurationIsVisible = 0;
			defaultConfigurationName = Release;
		};
		D70238AD20E9EEAD0063B968 /* Build configuration list for PBXNativeTarget "VFExampleSwift" */ = {
			isa = XCConfigurationList;
			buildConfigurations = (
				D70238AE20E9EEAD0063B968 /* Debug */,
				D70238AF20E9EEAD0063B968 /* Release */,
			);
			defaultConfigurationIsVisible = 0;
			defaultConfigurationName = Release;
		};
/* End XCConfigurationList section */
	};
	rootObject = D702389320E9EE8F0063B968 /* Project object */;
}
